// !$*UTF8*$!
{
	archiveVersion = 1;
	classes = {
	};
	objectVersion = 51;
	objects = {

/* Begin PBXBuildFile section */
		92188670269F0D8D00FE3099 /* AppDelegate.swift in Sources */ = {isa = PBXBuildFile; fileRef = 9218866F269F0D8D00FE3099 /* AppDelegate.swift */; };
		92188672269F0D8D00FE3099 /* SceneDelegate.swift in Sources */ = {isa = PBXBuildFile; fileRef = 92188671269F0D8D00FE3099 /* SceneDelegate.swift */; };
		92188674269F0D8D00FE3099 /* ViewController.swift in Sources */ = {isa = PBXBuildFile; fileRef = 92188673269F0D8D00FE3099 /* ViewController.swift */; };
		92188677269F0D8D00FE3099 /* Main.storyboard in Resources */ = {isa = PBXBuildFile; fileRef = 92188675269F0D8D00FE3099 /* Main.storyboard */; };
		92188679269F0D8F00FE3099 /* Assets.xcassets in Resources */ = {isa = PBXBuildFile; fileRef = 92188678269F0D8F00FE3099 /* Assets.xcassets */; };
		9218867C269F0D8F00FE3099 /* LaunchScreen.storyboard in Resources */ = {isa = PBXBuildFile; fileRef = 9218867A269F0D8F00FE3099 /* LaunchScreen.storyboard */; };
		9275F50F26A04F3300D9EEB0 /* InfoTest.plist in Resources */ = {isa = PBXBuildFile; fileRef = 9275F50B26A04F2500D9EEB0 /* InfoTest.plist */; };
		9275F51026A04F3600D9EEB0 /* Info.plist in Resources */ = {isa = PBXBuildFile; fileRef = 9218867D269F0D8F00FE3099 /* Info.plist */; };
		9275F51226A04F5F00D9EEB0 /* AppDelegate.swift in Sources */ = {isa = PBXBuildFile; fileRef = 9218866F269F0D8D00FE3099 /* AppDelegate.swift */; };
		9275F51326A04F6100D9EEB0 /* SceneDelegate.swift in Sources */ = {isa = PBXBuildFile; fileRef = 92188671269F0D8D00FE3099 /* SceneDelegate.swift */; };
		9275F51426A04F6400D9EEB0 /* ViewController.swift in Sources */ = {isa = PBXBuildFile; fileRef = 92188673269F0D8D00FE3099 /* ViewController.swift */; };
		9275F51526A04F6D00D9EEB0 /* Main.storyboard in Resources */ = {isa = PBXBuildFile; fileRef = 92188675269F0D8D00FE3099 /* Main.storyboard */; };
		9275F51626A04F7000D9EEB0 /* LaunchScreen.storyboard in Resources */ = {isa = PBXBuildFile; fileRef = 9218867A269F0D8F00FE3099 /* LaunchScreen.storyboard */; };
		9275F51726A04F7800D9EEB0 /* Assets.xcassets in Resources */ = {isa = PBXBuildFile; fileRef = 92188678269F0D8F00FE3099 /* Assets.xcassets */; };
		A532E1FFEA16644DB0040FD7 /* libPods-wowsinfo.a in Frameworks */ = {isa = PBXBuildFile; fileRef = 2F3158889382523185E226FA /* libPods-wowsinfo.a */; };
/* End PBXBuildFile section */

/* Begin PBXFileReference section */
		2F3158889382523185E226FA /* libPods-wowsinfo.a */ = {isa = PBXFileReference; explicitFileType = archive.ar; includeInIndex = 0; path = "libPods-wowsinfo.a"; sourceTree = BUILT_PRODUCTS_DIR; };
		6862BFAEC5E4882B07158C5B /* Pods-wowsinfo.debug.xcconfig */ = {isa = PBXFileReference; includeInIndex = 1; lastKnownFileType = text.xcconfig; name = "Pods-wowsinfo.debug.xcconfig"; path = "Target Support Files/Pods-wowsinfo/Pods-wowsinfo.debug.xcconfig"; sourceTree = "<group>"; };
		9218866C269F0D8D00FE3099 /* wowsinfo.app */ = {isa = PBXFileReference; explicitFileType = wrapper.application; includeInIndex = 0; path = wowsinfo.app; sourceTree = BUILT_PRODUCTS_DIR; };
		9218866F269F0D8D00FE3099 /* AppDelegate.swift */ = {isa = PBXFileReference; lastKnownFileType = sourcecode.swift; path = AppDelegate.swift; sourceTree = "<group>"; };
		92188671269F0D8D00FE3099 /* SceneDelegate.swift */ = {isa = PBXFileReference; lastKnownFileType = sourcecode.swift; path = SceneDelegate.swift; sourceTree = "<group>"; };
		92188673269F0D8D00FE3099 /* ViewController.swift */ = {isa = PBXFileReference; lastKnownFileType = sourcecode.swift; path = ViewController.swift; sourceTree = "<group>"; };
		92188676269F0D8D00FE3099 /* Base */ = {isa = PBXFileReference; lastKnownFileType = file.storyboard; name = Base; path = Base.lproj/Main.storyboard; sourceTree = "<group>"; };
		92188678269F0D8F00FE3099 /* Assets.xcassets */ = {isa = PBXFileReference; lastKnownFileType = folder.assetcatalog; path = Assets.xcassets; sourceTree = "<group>"; };
		9218867B269F0D8F00FE3099 /* Base */ = {isa = PBXFileReference; lastKnownFileType = file.storyboard; name = Base; path = Base.lproj/LaunchScreen.storyboard; sourceTree = "<group>"; };
		9218867D269F0D8F00FE3099 /* Info.plist */ = {isa = PBXFileReference; lastKnownFileType = text.plist.xml; path = Info.plist; sourceTree = "<group>"; };
		9275F4FB26A04F2100D9EEB0 /* wowsinfo-test.app */ = {isa = PBXFileReference; explicitFileType = wrapper.application; includeInIndex = 0; path = "wowsinfo-test.app"; sourceTree = BUILT_PRODUCTS_DIR; };
		9275F50B26A04F2500D9EEB0 /* InfoTest.plist */ = {isa = PBXFileReference; lastKnownFileType = text.plist.xml; path = InfoTest.plist; sourceTree = "<group>"; };
		92AE130D26A03D9C007F495C /* wowsinfo-Bridging-Header.h */ = {isa = PBXFileReference; lastKnownFileType = sourcecode.c.h; path = "wowsinfo-Bridging-Header.h"; sourceTree = "<group>"; };
		B40A305DAEC4658DEB1575DB /* Pods-wowsinfo.release.xcconfig */ = {isa = PBXFileReference; includeInIndex = 1; lastKnownFileType = text.xcconfig; name = "Pods-wowsinfo.release.xcconfig"; path = "Target Support Files/Pods-wowsinfo/Pods-wowsinfo.release.xcconfig"; sourceTree = "<group>"; };
/* End PBXFileReference section */

/* Begin PBXFrameworksBuildPhase section */
		92188669269F0D8D00FE3099 /* Frameworks */ = {
			isa = PBXFrameworksBuildPhase;
			buildActionMask = 2147483647;
			files = (
				A532E1FFEA16644DB0040FD7 /* libPods-wowsinfo.a in Frameworks */,
			);
			runOnlyForDeploymentPostprocessing = 0;
		};
		9275F4F826A04F2100D9EEB0 /* Frameworks */ = {
			isa = PBXFrameworksBuildPhase;
			buildActionMask = 2147483647;
			files = (
			);
			runOnlyForDeploymentPostprocessing = 0;
		};
/* End PBXFrameworksBuildPhase section */

/* Begin PBXGroup section */
		081A3D13AA87BC422CF41957 /* Frameworks */ = {
			isa = PBXGroup;
			children = (
				2F3158889382523185E226FA /* libPods-wowsinfo.a */,
			);
			name = Frameworks;
			sourceTree = "<group>";
		};
		92188663269F0D8D00FE3099 = {
			isa = PBXGroup;
			children = (
				9275F51126A04F4200D9EEB0 /* support */,
				9218866E269F0D8D00FE3099 /* wowsinfo */,
				9275F4FC26A04F2100D9EEB0 /* wowsinfo-test */,
				9218866D269F0D8D00FE3099 /* Products */,
				BF12D85FE48871B926C1820B /* Pods */,
				081A3D13AA87BC422CF41957 /* Frameworks */,
			);
			sourceTree = "<group>";
		};
		9218866D269F0D8D00FE3099 /* Products */ = {
			isa = PBXGroup;
			children = (
				9218866C269F0D8D00FE3099 /* wowsinfo.app */,
				9275F4FB26A04F2100D9EEB0 /* wowsinfo-test.app */,
			);
			name = Products;
			sourceTree = "<group>";
		};
		9218866E269F0D8D00FE3099 /* wowsinfo */ = {
			isa = PBXGroup;
			children = (
				9218866F269F0D8D00FE3099 /* AppDelegate.swift */,
				92188671269F0D8D00FE3099 /* SceneDelegate.swift */,
				92188673269F0D8D00FE3099 /* ViewController.swift */,
				92188675269F0D8D00FE3099 /* Main.storyboard */,
				9218867A269F0D8F00FE3099 /* LaunchScreen.storyboard */,
				92AE130D26A03D9C007F495C /* wowsinfo-Bridging-Header.h */,
			);
			path = wowsinfo;
			sourceTree = "<group>";
		};
		9275F4FC26A04F2100D9EEB0 /* wowsinfo-test */ = {
			isa = PBXGroup;
			children = (
			);
			path = "wowsinfo-test";
			sourceTree = "<group>";
		};
		9275F51126A04F4200D9EEB0 /* support */ = {
			isa = PBXGroup;
			children = (
				9218867D269F0D8F00FE3099 /* Info.plist */,
				9275F50B26A04F2500D9EEB0 /* InfoTest.plist */,
				92188678269F0D8F00FE3099 /* Assets.xcassets */,
			);
			path = support;
			sourceTree = "<group>";
		};
		BF12D85FE48871B926C1820B /* Pods */ = {
			isa = PBXGroup;
			children = (
				6862BFAEC5E4882B07158C5B /* Pods-wowsinfo.debug.xcconfig */,
				B40A305DAEC4658DEB1575DB /* Pods-wowsinfo.release.xcconfig */,
			);
			path = Pods;
			sourceTree = "<group>";
		};
/* End PBXGroup section */

/* Begin PBXNativeTarget section */
		9218866B269F0D8D00FE3099 /* wowsinfo */ = {
			isa = PBXNativeTarget;
			buildConfigurationList = 92188680269F0D8F00FE3099 /* Build configuration list for PBXNativeTarget "wowsinfo" */;
			buildPhases = (
				572954A7B86874177537C979 /* [CP] Check Pods Manifest.lock */,
				92188668269F0D8D00FE3099 /* Sources */,
				92188669269F0D8D00FE3099 /* Frameworks */,
				9218866A269F0D8D00FE3099 /* Resources */,
				AA22EDAB6A66A457B1F6D90F /* [CP] Embed Pods Frameworks */,
				5D2DB44D7DD9FB01E7766221 /* [CP] Copy Pods Resources */,
			);
			buildRules = (
			);
			dependencies = (
			);
			name = wowsinfo;
			productName = wowsinfo;
			productReference = 9218866C269F0D8D00FE3099 /* wowsinfo.app */;
			productType = "com.apple.product-type.application";
		};
		9275F4FA26A04F2100D9EEB0 /* wowsinfo-test */ = {
			isa = PBXNativeTarget;
			buildConfigurationList = 9275F50E26A04F2500D9EEB0 /* Build configuration list for PBXNativeTarget "wowsinfo-test" */;
			buildPhases = (
				9275F4F726A04F2100D9EEB0 /* Sources */,
				9275F4F826A04F2100D9EEB0 /* Frameworks */,
				9275F4F926A04F2100D9EEB0 /* Resources */,
			);
			buildRules = (
			);
			dependencies = (
			);
			name = "wowsinfo-test";
			productName = "wowsinfo-test";
			productReference = 9275F4FB26A04F2100D9EEB0 /* wowsinfo-test.app */;
			productType = "com.apple.product-type.application";
		};
/* End PBXNativeTarget section */

/* Begin PBXProject section */
		92188664269F0D8D00FE3099 /* Project object */ = {
			isa = PBXProject;
			attributes = {
				LastSwiftUpdateCheck = 1250;
				LastUpgradeCheck = 1250;
				TargetAttributes = {
					9218866B269F0D8D00FE3099 = {
						CreatedOnToolsVersion = 12.5.1;
						LastSwiftMigration = 1250;
					};
					9275F4FA26A04F2100D9EEB0 = {
						CreatedOnToolsVersion = 12.5.1;
					};
				};
			};
			buildConfigurationList = 92188667269F0D8D00FE3099 /* Build configuration list for PBXProject "wowsinfo" */;
			compatibilityVersion = "Xcode 9.3";
			developmentRegion = en;
			hasScannedForEncodings = 0;
			knownRegions = (
				en,
				Base,
			);
			mainGroup = 92188663269F0D8D00FE3099;
			productRefGroup = 9218866D269F0D8D00FE3099 /* Products */;
			projectDirPath = "";
			projectRoot = "";
			targets = (
				9218866B269F0D8D00FE3099 /* wowsinfo */,
				9275F4FA26A04F2100D9EEB0 /* wowsinfo-test */,
			);
		};
/* End PBXProject section */

/* Begin PBXResourcesBuildPhase section */
		9218866A269F0D8D00FE3099 /* Resources */ = {
			isa = PBXResourcesBuildPhase;
			buildActionMask = 2147483647;
			files = (
				9275F51026A04F3600D9EEB0 /* Info.plist in Resources */,
				9218867C269F0D8F00FE3099 /* LaunchScreen.storyboard in Resources */,
				92188679269F0D8F00FE3099 /* Assets.xcassets in Resources */,
				92188677269F0D8D00FE3099 /* Main.storyboard in Resources */,
			);
			runOnlyForDeploymentPostprocessing = 0;
		};
		9275F4F926A04F2100D9EEB0 /* Resources */ = {
			isa = PBXResourcesBuildPhase;
			buildActionMask = 2147483647;
			files = (
				9275F51626A04F7000D9EEB0 /* LaunchScreen.storyboard in Resources */,
				9275F50F26A04F3300D9EEB0 /* InfoTest.plist in Resources */,
				9275F51726A04F7800D9EEB0 /* Assets.xcassets in Resources */,
				9275F51526A04F6D00D9EEB0 /* Main.storyboard in Resources */,
			);
			runOnlyForDeploymentPostprocessing = 0;
		};
/* End PBXResourcesBuildPhase section */

/* Begin PBXShellScriptBuildPhase section */
		572954A7B86874177537C979 /* [CP] Check Pods Manifest.lock */ = {
			isa = PBXShellScriptBuildPhase;
			buildActionMask = 2147483647;
			files = (
			);
			inputFileListPaths = (
			);
			inputPaths = (
				"${PODS_PODFILE_DIR_PATH}/Podfile.lock",
				"${PODS_ROOT}/Manifest.lock",
			);
			name = "[CP] Check Pods Manifest.lock";
			outputFileListPaths = (
			);
			outputPaths = (
				"$(DERIVED_FILE_DIR)/Pods-wowsinfo-checkManifestLockResult.txt",
			);
			runOnlyForDeploymentPostprocessing = 0;
			shellPath = /bin/sh;
			shellScript = "diff \"${PODS_PODFILE_DIR_PATH}/Podfile.lock\" \"${PODS_ROOT}/Manifest.lock\" > /dev/null\nif [ $? != 0 ] ; then\n    # print error to STDERR\n    echo \"error: The sandbox is not in sync with the Podfile.lock. Run 'pod install' or update your CocoaPods installation.\" >&2\n    exit 1\nfi\n# This output is used by Xcode 'outputs' to avoid re-running this script phase.\necho \"SUCCESS\" > \"${SCRIPT_OUTPUT_FILE_0}\"\n";
			showEnvVarsInLog = 0;
		};
		5D2DB44D7DD9FB01E7766221 /* [CP] Copy Pods Resources */ = {
			isa = PBXShellScriptBuildPhase;
			buildActionMask = 2147483647;
			files = (
			);
			inputFileListPaths = (
				"${PODS_ROOT}/Target Support Files/Pods-wowsinfo/Pods-wowsinfo-resources-${CONFIGURATION}-input-files.xcfilelist",
			);
			name = "[CP] Copy Pods Resources";
			outputFileListPaths = (
				"${PODS_ROOT}/Target Support Files/Pods-wowsinfo/Pods-wowsinfo-resources-${CONFIGURATION}-output-files.xcfilelist",
			);
			runOnlyForDeploymentPostprocessing = 0;
			shellPath = /bin/sh;
			shellScript = "\"${PODS_ROOT}/Target Support Files/Pods-wowsinfo/Pods-wowsinfo-resources.sh\"\n";
			showEnvVarsInLog = 0;
		};
		AA22EDAB6A66A457B1F6D90F /* [CP] Embed Pods Frameworks */ = {
			isa = PBXShellScriptBuildPhase;
			buildActionMask = 2147483647;
			files = (
			);
			inputFileListPaths = (
				"${PODS_ROOT}/Target Support Files/Pods-wowsinfo/Pods-wowsinfo-frameworks-${CONFIGURATION}-input-files.xcfilelist",
			);
			name = "[CP] Embed Pods Frameworks";
			outputFileListPaths = (
				"${PODS_ROOT}/Target Support Files/Pods-wowsinfo/Pods-wowsinfo-frameworks-${CONFIGURATION}-output-files.xcfilelist",
			);
			runOnlyForDeploymentPostprocessing = 0;
			shellPath = /bin/sh;
			shellScript = "\"${PODS_ROOT}/Target Support Files/Pods-wowsinfo/Pods-wowsinfo-frameworks.sh\"\n";
			showEnvVarsInLog = 0;
		};
/* End PBXShellScriptBuildPhase section */

/* Begin PBXSourcesBuildPhase section */
		92188668269F0D8D00FE3099 /* Sources */ = {
			isa = PBXSourcesBuildPhase;
			buildActionMask = 2147483647;
			files = (
				92188674269F0D8D00FE3099 /* ViewController.swift in Sources */,
				92188670269F0D8D00FE3099 /* AppDelegate.swift in Sources */,
				92188672269F0D8D00FE3099 /* SceneDelegate.swift in Sources */,
			);
			runOnlyForDeploymentPostprocessing = 0;
		};
		9275F4F726A04F2100D9EEB0 /* Sources */ = {
			isa = PBXSourcesBuildPhase;
			buildActionMask = 2147483647;
			files = (
				9275F51426A04F6400D9EEB0 /* ViewController.swift in Sources */,
				9275F51226A04F5F00D9EEB0 /* AppDelegate.swift in Sources */,
				9275F51326A04F6100D9EEB0 /* SceneDelegate.swift in Sources */,
			);
			runOnlyForDeploymentPostprocessing = 0;
		};
/* End PBXSourcesBuildPhase section */

/* Begin PBXVariantGroup section */
		92188675269F0D8D00FE3099 /* Main.storyboard */ = {
			isa = PBXVariantGroup;
			children = (
				92188676269F0D8D00FE3099 /* Base */,
			);
			name = Main.storyboard;
			sourceTree = "<group>";
		};
		9218867A269F0D8F00FE3099 /* LaunchScreen.storyboard */ = {
			isa = PBXVariantGroup;
			children = (
				9218867B269F0D8F00FE3099 /* Base */,
			);
			name = LaunchScreen.storyboard;
			sourceTree = "<group>";
		};
/* End PBXVariantGroup section */

/* Begin XCBuildConfiguration section */
		9218867E269F0D8F00FE3099 /* Debug */ = {
			isa = XCBuildConfiguration;
			buildSettings = {
				ALWAYS_SEARCH_USER_PATHS = NO;
				CLANG_ANALYZER_NONNULL = YES;
				CLANG_ANALYZER_NUMBER_OBJECT_CONVERSION = YES_AGGRESSIVE;
				CLANG_CXX_LANGUAGE_STANDARD = "gnu++14";
				CLANG_CXX_LIBRARY = "libc++";
				CLANG_ENABLE_MODULES = YES;
				CLANG_ENABLE_OBJC_ARC = YES;
				CLANG_ENABLE_OBJC_WEAK = YES;
				CLANG_WARN_BLOCK_CAPTURE_AUTORELEASING = YES;
				CLANG_WARN_BOOL_CONVERSION = YES;
				CLANG_WARN_COMMA = YES;
				CLANG_WARN_CONSTANT_CONVERSION = YES;
				CLANG_WARN_DEPRECATED_OBJC_IMPLEMENTATIONS = YES;
				CLANG_WARN_DIRECT_OBJC_ISA_USAGE = YES_ERROR;
				CLANG_WARN_DOCUMENTATION_COMMENTS = YES;
				CLANG_WARN_EMPTY_BODY = YES;
				CLANG_WARN_ENUM_CONVERSION = YES;
				CLANG_WARN_INFINITE_RECURSION = YES;
				CLANG_WARN_INT_CONVERSION = YES;
				CLANG_WARN_NON_LITERAL_NULL_CONVERSION = YES;
				CLANG_WARN_OBJC_IMPLICIT_RETAIN_SELF = YES;
				CLANG_WARN_OBJC_LITERAL_CONVERSION = YES;
				CLANG_WARN_OBJC_ROOT_CLASS = YES_ERROR;
				CLANG_WARN_QUOTED_INCLUDE_IN_FRAMEWORK_HEADER = YES;
				CLANG_WARN_RANGE_LOOP_ANALYSIS = YES;
				CLANG_WARN_STRICT_PROTOTYPES = YES;
				CLANG_WARN_SUSPICIOUS_MOVE = YES;
				CLANG_WARN_UNGUARDED_AVAILABILITY = YES_AGGRESSIVE;
				CLANG_WARN_UNREACHABLE_CODE = YES;
				CLANG_WARN__DUPLICATE_METHOD_MATCH = YES;
				COPY_PHASE_STRIP = NO;
				CURRENT_PROJECT_VERSION = 100;
				DEBUG_INFORMATION_FORMAT = dwarf;
				ENABLE_STRICT_OBJC_MSGSEND = YES;
				ENABLE_TESTABILITY = YES;
				"EXCLUDED_ARCHS[sdk=iphonesimulator*]" = "arm64 ";
				GCC_C_LANGUAGE_STANDARD = gnu11;
				GCC_DYNAMIC_NO_PIC = NO;
				GCC_NO_COMMON_BLOCKS = YES;
				GCC_OPTIMIZATION_LEVEL = 0;
				GCC_PREPROCESSOR_DEFINITIONS = (
					"DEBUG=1",
					"$(inherited)",
				);
				GCC_WARN_64_TO_32_BIT_CONVERSION = YES;
				GCC_WARN_ABOUT_RETURN_TYPE = YES_ERROR;
				GCC_WARN_UNDECLARED_SELECTOR = YES;
				GCC_WARN_UNINITIALIZED_AUTOS = YES_AGGRESSIVE;
				GCC_WARN_UNUSED_FUNCTION = YES;
				GCC_WARN_UNUSED_VARIABLE = YES;
				IPHONEOS_DEPLOYMENT_TARGET = 14.5;
				MARKETING_VERSION = 1.7.0;
				MTL_ENABLE_DEBUG_INFO = INCLUDE_SOURCE;
				MTL_FAST_MATH = YES;
				ONLY_ACTIVE_ARCH = YES;
				SDKROOT = iphoneos;
				SWIFT_ACTIVE_COMPILATION_CONDITIONS = DEBUG;
				SWIFT_OPTIMIZATION_LEVEL = "-Onone";
			};
			name = Debug;
		};
		9218867F269F0D8F00FE3099 /* Release */ = {
			isa = XCBuildConfiguration;
			buildSettings = {
				ALWAYS_SEARCH_USER_PATHS = NO;
				CLANG_ANALYZER_NONNULL = YES;
				CLANG_ANALYZER_NUMBER_OBJECT_CONVERSION = YES_AGGRESSIVE;
				CLANG_CXX_LANGUAGE_STANDARD = "gnu++14";
				CLANG_CXX_LIBRARY = "libc++";
				CLANG_ENABLE_MODULES = YES;
				CLANG_ENABLE_OBJC_ARC = YES;
				CLANG_ENABLE_OBJC_WEAK = YES;
				CLANG_WARN_BLOCK_CAPTURE_AUTORELEASING = YES;
				CLANG_WARN_BOOL_CONVERSION = YES;
				CLANG_WARN_COMMA = YES;
				CLANG_WARN_CONSTANT_CONVERSION = YES;
				CLANG_WARN_DEPRECATED_OBJC_IMPLEMENTATIONS = YES;
				CLANG_WARN_DIRECT_OBJC_ISA_USAGE = YES_ERROR;
				CLANG_WARN_DOCUMENTATION_COMMENTS = YES;
				CLANG_WARN_EMPTY_BODY = YES;
				CLANG_WARN_ENUM_CONVERSION = YES;
				CLANG_WARN_INFINITE_RECURSION = YES;
				CLANG_WARN_INT_CONVERSION = YES;
				CLANG_WARN_NON_LITERAL_NULL_CONVERSION = YES;
				CLANG_WARN_OBJC_IMPLICIT_RETAIN_SELF = YES;
				CLANG_WARN_OBJC_LITERAL_CONVERSION = YES;
				CLANG_WARN_OBJC_ROOT_CLASS = YES_ERROR;
				CLANG_WARN_QUOTED_INCLUDE_IN_FRAMEWORK_HEADER = YES;
				CLANG_WARN_RANGE_LOOP_ANALYSIS = YES;
				CLANG_WARN_STRICT_PROTOTYPES = YES;
				CLANG_WARN_SUSPICIOUS_MOVE = YES;
				CLANG_WARN_UNGUARDED_AVAILABILITY = YES_AGGRESSIVE;
				CLANG_WARN_UNREACHABLE_CODE = YES;
				CLANG_WARN__DUPLICATE_METHOD_MATCH = YES;
				COPY_PHASE_STRIP = NO;
				CURRENT_PROJECT_VERSION = 100;
				DEBUG_INFORMATION_FORMAT = "dwarf-with-dsym";
				ENABLE_NS_ASSERTIONS = NO;
				ENABLE_STRICT_OBJC_MSGSEND = YES;
				"EXCLUDED_ARCHS[sdk=iphonesimulator*]" = "arm64 ";
				GCC_C_LANGUAGE_STANDARD = gnu11;
				GCC_NO_COMMON_BLOCKS = YES;
				GCC_WARN_64_TO_32_BIT_CONVERSION = YES;
				GCC_WARN_ABOUT_RETURN_TYPE = YES_ERROR;
				GCC_WARN_UNDECLARED_SELECTOR = YES;
				GCC_WARN_UNINITIALIZED_AUTOS = YES_AGGRESSIVE;
				GCC_WARN_UNUSED_FUNCTION = YES;
				GCC_WARN_UNUSED_VARIABLE = YES;
				IPHONEOS_DEPLOYMENT_TARGET = 14.5;
				MARKETING_VERSION = 1.7.0;
				MTL_ENABLE_DEBUG_INFO = NO;
				MTL_FAST_MATH = YES;
				SDKROOT = iphoneos;
				SWIFT_COMPILATION_MODE = wholemodule;
				SWIFT_OPTIMIZATION_LEVEL = "-O";
				VALIDATE_PRODUCT = YES;
			};
			name = Release;
		};
		92188681269F0D8F00FE3099 /* Debug */ = {
			isa = XCBuildConfiguration;
			baseConfigurationReference = 6862BFAEC5E4882B07158C5B /* Pods-wowsinfo.debug.xcconfig */;
			buildSettings = {
				ASSETCATALOG_COMPILER_APPICON_NAME = AppIcon;
				ASSETCATALOG_COMPILER_GLOBAL_ACCENT_COLOR_NAME = AccentColor;
				CLANG_ALLOW_NON_MODULAR_INCLUDES_IN_FRAMEWORK_MODULES = NO;
				CLANG_ENABLE_MODULES = YES;
				CODE_SIGN_STYLE = Automatic;
				INFOPLIST_FILE = wowsinfo/Info.plist;
				IPHONEOS_DEPLOYMENT_TARGET = 10.0;
				LD_RUNPATH_SEARCH_PATHS = (
					"$(inherited)",
					"@executable_path/Frameworks",
				);
				PRODUCT_BUNDLE_IDENTIFIER = com.yihengquan.wowsinfo;
				PRODUCT_NAME = "$(TARGET_NAME)";
				SWIFT_OBJC_BRIDGING_HEADER = "wowsinfo/wowsinfo-Bridging-Header.h";
				SWIFT_OPTIMIZATION_LEVEL = "-Onone";
				SWIFT_VERSION = 5.0;
				TARGETED_DEVICE_FAMILY = "1,2";
			};
			name = Debug;
		};
		92188682269F0D8F00FE3099 /* Release */ = {
			isa = XCBuildConfiguration;
			baseConfigurationReference = B40A305DAEC4658DEB1575DB /* Pods-wowsinfo.release.xcconfig */;
			buildSettings = {
				ASSETCATALOG_COMPILER_APPICON_NAME = AppIcon;
				ASSETCATALOG_COMPILER_GLOBAL_ACCENT_COLOR_NAME = AccentColor;
				CLANG_ALLOW_NON_MODULAR_INCLUDES_IN_FRAMEWORK_MODULES = NO;
				CLANG_ENABLE_MODULES = YES;
				CODE_SIGN_STYLE = Automatic;
				INFOPLIST_FILE = wowsinfo/Info.plist;
				IPHONEOS_DEPLOYMENT_TARGET = 10.0;
				LD_RUNPATH_SEARCH_PATHS = (
					"$(inherited)",
					"@executable_path/Frameworks",
				);
				PRODUCT_BUNDLE_IDENTIFIER = com.yihengquan.wowsinfo;
				PRODUCT_NAME = "$(TARGET_NAME)";
				SWIFT_OBJC_BRIDGING_HEADER = "wowsinfo/wowsinfo-Bridging-Header.h";
				SWIFT_VERSION = 5.0;
				TARGETED_DEVICE_FAMILY = "1,2";
			};
			name = Release;
		};
		9275F50C26A04F2500D9EEB0 /* Debug */ = {
			isa = XCBuildConfiguration;
			buildSettings = {
				ASSETCATALOG_COMPILER_APPICON_NAME = AppIcon;
				ASSETCATALOG_COMPILER_GLOBAL_ACCENT_COLOR_NAME = AccentColor;
				CODE_SIGN_STYLE = Automatic;
				INFOPLIST_FILE = "wowsinfo-test/Info.plist";
				IPHONEOS_DEPLOYMENT_TARGET = 10.0;
				LD_RUNPATH_SEARCH_PATHS = (
					"$(inherited)",
					"@executable_path/Frameworks",
				);
				PRODUCT_BUNDLE_IDENTIFIER = "com.yihengquan.wowsinfo-test";
				PRODUCT_NAME = "$(TARGET_NAME)";
				SWIFT_VERSION = 5.0;
				TARGETED_DEVICE_FAMILY = "1,2";
			};
			name = Debug;
		};
		9275F50D26A04F2500D9EEB0 /* Release */ = {
			isa = XCBuildConfiguration;
			buildSettings = {
				ASSETCATALOG_COMPILER_APPICON_NAME = AppIcon;
				ASSETCATALOG_COMPILER_GLOBAL_ACCENT_COLOR_NAME = AccentColor;
				CODE_SIGN_STYLE = Automatic;
				INFOPLIST_FILE = "wowsinfo-test/Info.plist";
				IPHONEOS_DEPLOYMENT_TARGET = 10.0;
				LD_RUNPATH_SEARCH_PATHS = (
					"$(inherited)",
					"@executable_path/Frameworks",
				);
				PRODUCT_BUNDLE_IDENTIFIER = "com.yihengquan.wowsinfo-test";
				PRODUCT_NAME = "$(TARGET_NAME)";
				SWIFT_VERSION = 5.0;
				TARGETED_DEVICE_FAMILY = "1,2";
			};
			name = Release;
		};
/* End XCBuildConfiguration section */

/* Begin XCConfigurationList section */
		92188667269F0D8D00FE3099 /* Build configuration list for PBXProject "wowsinfo" */ = {
			isa = XCConfigurationList;
			buildConfigurations = (
				9218867E269F0D8F00FE3099 /* Debug */,
				9218867F269F0D8F00FE3099 /* Release */,
			);
			defaultConfigurationIsVisible = 0;
			defaultConfigurationName = Release;
		};
		92188680269F0D8F00FE3099 /* Build configuration list for PBXNativeTarget "wowsinfo" */ = {
			isa = XCConfigurationList;
			buildConfigurations = (
				92188681269F0D8F00FE3099 /* Debug */,
				92188682269F0D8F00FE3099 /* Release */,
			);
			defaultConfigurationIsVisible = 0;
			defaultConfigurationName = Release;
		};
		9275F50E26A04F2500D9EEB0 /* Build configuration list for PBXNativeTarget "wowsinfo-test" */ = {
			isa = XCConfigurationList;
			buildConfigurations = (
				9275F50C26A04F2500D9EEB0 /* Debug */,
				9275F50D26A04F2500D9EEB0 /* Release */,
			);
			defaultConfigurationIsVisible = 0;
			defaultConfigurationName = Release;
		};
/* End XCConfigurationList section */
	};
	rootObject = 92188664269F0D8D00FE3099 /* Project object */;
}
