// !$*UTF8*$!
{
	archiveVersion = 1;
	classes = {
	};
	objectVersion = 51;
	objects = {

/* Begin PBXBuildFile section */
		01EC3FC690E24B128ADBC2EF /* Ionicons.ttf in Resources */ = {isa = PBXBuildFile; fileRef = 0A9CAA74BEF9493B94CFFDAC /* Ionicons.ttf */; };
		098330B0F8A94F88A84BD3AB /* MaterialIcons.ttf in Resources */ = {isa = PBXBuildFile; fileRef = 344312BC4D654DB6B9A348D8 /* MaterialIcons.ttf */; };
		0A80912F51754955BB2DCE50 /* FontAwesome5_Regular.ttf in Resources */ = {isa = PBXBuildFile; fileRef = 8F5D34B1DDA84B3B8E8A9AE9 /* FontAwesome5_Regular.ttf */; };
		26715BF8AC8241E8A06ABA41 /* AntDesign.ttf in Resources */ = {isa = PBXBuildFile; fileRef = 76F6839B4C8648E59FA33F78 /* AntDesign.ttf */; };
		3835DB5CCA7B459A80F6E2D2 /* Foundation.ttf in Resources */ = {isa = PBXBuildFile; fileRef = 37973A7519BF4E42B1BCA199 /* Foundation.ttf */; };
		4750232D74D94E06A319FA5D /* Entypo.ttf in Resources */ = {isa = PBXBuildFile; fileRef = D526D84AE39146EFAF654328 /* Entypo.ttf */; };
		50A3AF4890764BDBBEB978FC /* FontAwesome.ttf in Resources */ = {isa = PBXBuildFile; fileRef = B491F3927E184B2B861C7542 /* FontAwesome.ttf */; };
		5111F667DCEE4ACA9ACC38F0 /* Octicons.ttf in Resources */ = {isa = PBXBuildFile; fileRef = B8B89A1E3B904E91897F0D45 /* Octicons.ttf */; };
		58779C76BEB04A79A464CFB7 /* SimpleLineIcons.ttf in Resources */ = {isa = PBXBuildFile; fileRef = 2975B6234EB3443DAA428319 /* SimpleLineIcons.ttf */; };
		655C2320142B4C81B1F7A6E2 /* FontAwesome5_Brands.ttf in Resources */ = {isa = PBXBuildFile; fileRef = 83D1080ADB624C4391FC13EA /* FontAwesome5_Brands.ttf */; };
		6C5BB0CBCC044EDDA9C88E4B /* Feather.ttf in Resources */ = {isa = PBXBuildFile; fileRef = C624C235FFAA4EDD9218BCE0 /* Feather.ttf */; };
		83213183617FACCCAD3517C4 /* libPods-wowsinfo-wowsinfo-test.a in Frameworks */ = {isa = PBXBuildFile; fileRef = 55E47153E58A65E510DBD1E8 /* libPods-wowsinfo-wowsinfo-test.a */; };
		86827589BEE34B899382FBE3 /* EvilIcons.ttf in Resources */ = {isa = PBXBuildFile; fileRef = 90D6DBA12FB4478999C9D562 /* EvilIcons.ttf */; };
		86A54E23EEF44D5F834A15AB /* Zocial.ttf in Resources */ = {isa = PBXBuildFile; fileRef = 51379677E01942D49A7D75E3 /* Zocial.ttf */; };
		92188670269F0D8D00FE3099 /* AppDelegate.swift in Sources */ = {isa = PBXBuildFile; fileRef = 9218866F269F0D8D00FE3099 /* AppDelegate.swift */; };
		92188674269F0D8D00FE3099 /* RootViewController.swift in Sources */ = {isa = PBXBuildFile; fileRef = 92188673269F0D8D00FE3099 /* RootViewController.swift */; };
		92188677269F0D8D00FE3099 /* Main.storyboard in Resources */ = {isa = PBXBuildFile; fileRef = 92188675269F0D8D00FE3099 /* Main.storyboard */; };
		92188679269F0D8F00FE3099 /* Assets.xcassets in Resources */ = {isa = PBXBuildFile; fileRef = 92188678269F0D8F00FE3099 /* Assets.xcassets */; };
		9218867C269F0D8F00FE3099 /* LaunchScreen.storyboard in Resources */ = {isa = PBXBuildFile; fileRef = 9218867A269F0D8F00FE3099 /* LaunchScreen.storyboard */; };
		923855C726A0587B0074F220 /* ReactNativeManager.swift in Sources */ = {isa = PBXBuildFile; fileRef = 923855C626A0587B0074F220 /* ReactNativeManager.swift */; };
		923855C826A0587B0074F220 /* ReactNativeManager.swift in Sources */ = {isa = PBXBuildFile; fileRef = 923855C626A0587B0074F220 /* ReactNativeManager.swift */; };
		923855CB26A058D30074F220 /* UIViewController+Extension.swift in Sources */ = {isa = PBXBuildFile; fileRef = 923855CA26A058D30074F220 /* UIViewController+Extension.swift */; };
		923855CC26A058D30074F220 /* UIViewController+Extension.swift in Sources */ = {isa = PBXBuildFile; fileRef = 923855CA26A058D30074F220 /* UIViewController+Extension.swift */; };
		9275F51226A04F5F00D9EEB0 /* AppDelegate.swift in Sources */ = {isa = PBXBuildFile; fileRef = 9218866F269F0D8D00FE3099 /* AppDelegate.swift */; };
		9275F51426A04F6400D9EEB0 /* RootViewController.swift in Sources */ = {isa = PBXBuildFile; fileRef = 92188673269F0D8D00FE3099 /* RootViewController.swift */; };
		9275F51526A04F6D00D9EEB0 /* Main.storyboard in Resources */ = {isa = PBXBuildFile; fileRef = 92188675269F0D8D00FE3099 /* Main.storyboard */; };
		9275F51626A04F7000D9EEB0 /* LaunchScreen.storyboard in Resources */ = {isa = PBXBuildFile; fileRef = 9218867A269F0D8F00FE3099 /* LaunchScreen.storyboard */; };
		9275F51726A04F7800D9EEB0 /* Assets.xcassets in Resources */ = {isa = PBXBuildFile; fileRef = 92188678269F0D8F00FE3099 /* Assets.xcassets */; };
		9288F7E726A6E8E000F87A68 /* QuickActionEventEmitter.swift in Sources */ = {isa = PBXBuildFile; fileRef = 9288F7E626A6E8E000F87A68 /* QuickActionEventEmitter.swift */; };
		9288F7E826A6E8E000F87A68 /* QuickActionEventEmitter.swift in Sources */ = {isa = PBXBuildFile; fileRef = 9288F7E626A6E8E000F87A68 /* QuickActionEventEmitter.swift */; };
		9288F7EA26A6E99200F87A68 /* QuickActionManager.m in Sources */ = {isa = PBXBuildFile; fileRef = 9288F7E926A6E99200F87A68 /* QuickActionManager.m */; };
		9288F7EB26A6E99200F87A68 /* QuickActionManager.m in Sources */ = {isa = PBXBuildFile; fileRef = 9288F7E926A6E99200F87A68 /* QuickActionManager.m */; };
		9288F7ED26A6F46500F87A68 /* ReactNativeManager.m in Sources */ = {isa = PBXBuildFile; fileRef = 9288F7EC26A6F46500F87A68 /* ReactNativeManager.m */; };
		9288F7EE26A6F46500F87A68 /* ReactNativeManager.m in Sources */ = {isa = PBXBuildFile; fileRef = 9288F7EC26A6F46500F87A68 /* ReactNativeManager.m */; };
		92FC495726A593A7007C4B61 /* QuickActionManager.swift in Sources */ = {isa = PBXBuildFile; fileRef = 92FC495626A593A7007C4B61 /* QuickActionManager.swift */; };
		92FC495826A593A7007C4B61 /* QuickActionManager.swift in Sources */ = {isa = PBXBuildFile; fileRef = 92FC495626A593A7007C4B61 /* QuickActionManager.swift */; };
		92FC495A26A59888007C4B61 /* QuickActionEventEmitter.m in Sources */ = {isa = PBXBuildFile; fileRef = 92FC495926A59888007C4B61 /* QuickActionEventEmitter.m */; };
		92FC495B26A59888007C4B61 /* QuickActionEventEmitter.m in Sources */ = {isa = PBXBuildFile; fileRef = 92FC495926A59888007C4B61 /* QuickActionEventEmitter.m */; };
		A532E1FFEA16644DB0040FD7 /* libPods-wowsinfo.a in Frameworks */ = {isa = PBXBuildFile; fileRef = 2F3158889382523185E226FA /* libPods-wowsinfo.a */; };
		DF47F6B1E03D478A86E9179F /* Fontisto.ttf in Resources */ = {isa = PBXBuildFile; fileRef = 422BAD302794453A882A9062 /* Fontisto.ttf */; };
		E6A495B4BD064CF1806B12D0 /* FontAwesome5_Solid.ttf in Resources */ = {isa = PBXBuildFile; fileRef = 39808C70DBE34616A4B036E5 /* FontAwesome5_Solid.ttf */; };
		EA2DA2F4551B4305B0A66D66 /* MaterialCommunityIcons.ttf in Resources */ = {isa = PBXBuildFile; fileRef = 40F68555D244437E91E11103 /* MaterialCommunityIcons.ttf */; };
/* End PBXBuildFile section */

/* Begin PBXFileReference section */
		0A9CAA74BEF9493B94CFFDAC /* Ionicons.ttf */ = {isa = PBXFileReference; explicitFileType = undefined; fileEncoding = 9; includeInIndex = 0; lastKnownFileType = unknown; name = Ionicons.ttf; path = "../node_modules/react-native-vector-icons/Fonts/Ionicons.ttf"; sourceTree = "<group>"; };
		1A4ADF3BFB95FCDD5D9CB289 /* Pods-wowsinfo-wowsinfo-test.debug.xcconfig */ = {isa = PBXFileReference; includeInIndex = 1; lastKnownFileType = text.xcconfig; name = "Pods-wowsinfo-wowsinfo-test.debug.xcconfig"; path = "Target Support Files/Pods-wowsinfo-wowsinfo-test/Pods-wowsinfo-wowsinfo-test.debug.xcconfig"; sourceTree = "<group>"; };
		2975B6234EB3443DAA428319 /* SimpleLineIcons.ttf */ = {isa = PBXFileReference; explicitFileType = undefined; fileEncoding = 9; includeInIndex = 0; lastKnownFileType = unknown; name = SimpleLineIcons.ttf; path = "../node_modules/react-native-vector-icons/Fonts/SimpleLineIcons.ttf"; sourceTree = "<group>"; };
		2F3158889382523185E226FA /* libPods-wowsinfo.a */ = {isa = PBXFileReference; explicitFileType = archive.ar; includeInIndex = 0; path = "libPods-wowsinfo.a"; sourceTree = BUILT_PRODUCTS_DIR; };
		32288B2A23568E021FF922E8 /* Pods-wowsinfo-wowsinfo-test.release.xcconfig */ = {isa = PBXFileReference; includeInIndex = 1; lastKnownFileType = text.xcconfig; name = "Pods-wowsinfo-wowsinfo-test.release.xcconfig"; path = "Target Support Files/Pods-wowsinfo-wowsinfo-test/Pods-wowsinfo-wowsinfo-test.release.xcconfig"; sourceTree = "<group>"; };
		344312BC4D654DB6B9A348D8 /* MaterialIcons.ttf */ = {isa = PBXFileReference; explicitFileType = undefined; fileEncoding = 9; includeInIndex = 0; lastKnownFileType = unknown; name = MaterialIcons.ttf; path = "../node_modules/react-native-vector-icons/Fonts/MaterialIcons.ttf"; sourceTree = "<group>"; };
		37973A7519BF4E42B1BCA199 /* Foundation.ttf */ = {isa = PBXFileReference; explicitFileType = undefined; fileEncoding = 9; includeInIndex = 0; lastKnownFileType = unknown; name = Foundation.ttf; path = "../node_modules/react-native-vector-icons/Fonts/Foundation.ttf"; sourceTree = "<group>"; };
		39808C70DBE34616A4B036E5 /* FontAwesome5_Solid.ttf */ = {isa = PBXFileReference; explicitFileType = undefined; fileEncoding = 9; includeInIndex = 0; lastKnownFileType = unknown; name = FontAwesome5_Solid.ttf; path = "../node_modules/react-native-vector-icons/Fonts/FontAwesome5_Solid.ttf"; sourceTree = "<group>"; };
		40F68555D244437E91E11103 /* MaterialCommunityIcons.ttf */ = {isa = PBXFileReference; explicitFileType = undefined; fileEncoding = 9; includeInIndex = 0; lastKnownFileType = unknown; name = MaterialCommunityIcons.ttf; path = "../node_modules/react-native-vector-icons/Fonts/MaterialCommunityIcons.ttf"; sourceTree = "<group>"; };
		422BAD302794453A882A9062 /* Fontisto.ttf */ = {isa = PBXFileReference; explicitFileType = undefined; fileEncoding = 9; includeInIndex = 0; lastKnownFileType = unknown; name = Fontisto.ttf; path = "../node_modules/react-native-vector-icons/Fonts/Fontisto.ttf"; sourceTree = "<group>"; };
		51379677E01942D49A7D75E3 /* Zocial.ttf */ = {isa = PBXFileReference; explicitFileType = undefined; fileEncoding = 9; includeInIndex = 0; lastKnownFileType = unknown; name = Zocial.ttf; path = "../node_modules/react-native-vector-icons/Fonts/Zocial.ttf"; sourceTree = "<group>"; };
		55E47153E58A65E510DBD1E8 /* libPods-wowsinfo-wowsinfo-test.a */ = {isa = PBXFileReference; explicitFileType = archive.ar; includeInIndex = 0; path = "libPods-wowsinfo-wowsinfo-test.a"; sourceTree = BUILT_PRODUCTS_DIR; };
		6862BFAEC5E4882B07158C5B /* Pods-wowsinfo.debug.xcconfig */ = {isa = PBXFileReference; includeInIndex = 1; lastKnownFileType = text.xcconfig; name = "Pods-wowsinfo.debug.xcconfig"; path = "Target Support Files/Pods-wowsinfo/Pods-wowsinfo.debug.xcconfig"; sourceTree = "<group>"; };
		76F6839B4C8648E59FA33F78 /* AntDesign.ttf */ = {isa = PBXFileReference; explicitFileType = undefined; fileEncoding = 9; includeInIndex = 0; lastKnownFileType = unknown; name = AntDesign.ttf; path = "../node_modules/react-native-vector-icons/Fonts/AntDesign.ttf"; sourceTree = "<group>"; };
		83D1080ADB624C4391FC13EA /* FontAwesome5_Brands.ttf */ = {isa = PBXFileReference; explicitFileType = undefined; fileEncoding = 9; includeInIndex = 0; lastKnownFileType = unknown; name = FontAwesome5_Brands.ttf; path = "../node_modules/react-native-vector-icons/Fonts/FontAwesome5_Brands.ttf"; sourceTree = "<group>"; };
		8F5D34B1DDA84B3B8E8A9AE9 /* FontAwesome5_Regular.ttf */ = {isa = PBXFileReference; explicitFileType = undefined; fileEncoding = 9; includeInIndex = 0; lastKnownFileType = unknown; name = FontAwesome5_Regular.ttf; path = "../node_modules/react-native-vector-icons/Fonts/FontAwesome5_Regular.ttf"; sourceTree = "<group>"; };
		90D6DBA12FB4478999C9D562 /* EvilIcons.ttf */ = {isa = PBXFileReference; explicitFileType = undefined; fileEncoding = 9; includeInIndex = 0; lastKnownFileType = unknown; name = EvilIcons.ttf; path = "../node_modules/react-native-vector-icons/Fonts/EvilIcons.ttf"; sourceTree = "<group>"; };
		9218866C269F0D8D00FE3099 /* wowsinfo.app */ = {isa = PBXFileReference; explicitFileType = wrapper.application; includeInIndex = 0; path = wowsinfo.app; sourceTree = BUILT_PRODUCTS_DIR; };
		9218866F269F0D8D00FE3099 /* AppDelegate.swift */ = {isa = PBXFileReference; lastKnownFileType = sourcecode.swift; path = AppDelegate.swift; sourceTree = "<group>"; };
		92188673269F0D8D00FE3099 /* RootViewController.swift */ = {isa = PBXFileReference; lastKnownFileType = sourcecode.swift; path = RootViewController.swift; sourceTree = "<group>"; };
		92188676269F0D8D00FE3099 /* Base */ = {isa = PBXFileReference; lastKnownFileType = file.storyboard; name = Base; path = Base.lproj/Main.storyboard; sourceTree = "<group>"; };
		92188678269F0D8F00FE3099 /* Assets.xcassets */ = {isa = PBXFileReference; lastKnownFileType = folder.assetcatalog; path = Assets.xcassets; sourceTree = "<group>"; };
		9218867B269F0D8F00FE3099 /* Base */ = {isa = PBXFileReference; lastKnownFileType = file.storyboard; name = Base; path = Base.lproj/LaunchScreen.storyboard; sourceTree = "<group>"; };
		9218867D269F0D8F00FE3099 /* Info.plist */ = {isa = PBXFileReference; lastKnownFileType = text.plist.xml; path = Info.plist; sourceTree = "<group>"; };
		923855C626A0587B0074F220 /* ReactNativeManager.swift */ = {isa = PBXFileReference; fileEncoding = 4; lastKnownFileType = sourcecode.swift; name = ReactNativeManager.swift; path = "wowsinfo/react-native/ReactNativeManager.swift"; sourceTree = SOURCE_ROOT; };
		923855CA26A058D30074F220 /* UIViewController+Extension.swift */ = {isa = PBXFileReference; lastKnownFileType = sourcecode.swift; path = "UIViewController+Extension.swift"; sourceTree = "<group>"; };
		924102E62712EF58000AFE2C /* InfoTest.plist */ = {isa = PBXFileReference; fileEncoding = 4; lastKnownFileType = text.plist.xml; path = InfoTest.plist; sourceTree = "<group>"; };
		9275F4FB26A04F2100D9EEB0 /* wowsinfo-test.app */ = {isa = PBXFileReference; explicitFileType = wrapper.application; includeInIndex = 0; path = "wowsinfo-test.app"; sourceTree = BUILT_PRODUCTS_DIR; };
		9288F7E626A6E8E000F87A68 /* QuickActionEventEmitter.swift */ = {isa = PBXFileReference; lastKnownFileType = sourcecode.swift; path = QuickActionEventEmitter.swift; sourceTree = "<group>"; };
		9288F7E926A6E99200F87A68 /* QuickActionManager.m */ = {isa = PBXFileReference; lastKnownFileType = sourcecode.c.objc; path = QuickActionManager.m; sourceTree = "<group>"; };
		9288F7EC26A6F46500F87A68 /* ReactNativeManager.m */ = {isa = PBXFileReference; lastKnownFileType = sourcecode.c.objc; path = ReactNativeManager.m; sourceTree = "<group>"; };
		92AE130D26A03D9C007F495C /* wowsinfo-Bridging-Header.h */ = {isa = PBXFileReference; lastKnownFileType = sourcecode.c.h; path = "wowsinfo-Bridging-Header.h"; sourceTree = "<group>"; };
		92FC495626A593A7007C4B61 /* QuickActionManager.swift */ = {isa = PBXFileReference; lastKnownFileType = sourcecode.swift; path = QuickActionManager.swift; sourceTree = "<group>"; };
		92FC495926A59888007C4B61 /* QuickActionEventEmitter.m */ = {isa = PBXFileReference; lastKnownFileType = sourcecode.c.objc; path = QuickActionEventEmitter.m; sourceTree = "<group>"; };
		B40A305DAEC4658DEB1575DB /* Pods-wowsinfo.release.xcconfig */ = {isa = PBXFileReference; includeInIndex = 1; lastKnownFileType = text.xcconfig; name = "Pods-wowsinfo.release.xcconfig"; path = "Target Support Files/Pods-wowsinfo/Pods-wowsinfo.release.xcconfig"; sourceTree = "<group>"; };
		B491F3927E184B2B861C7542 /* FontAwesome.ttf */ = {isa = PBXFileReference; explicitFileType = undefined; fileEncoding = 9; includeInIndex = 0; lastKnownFileType = unknown; name = FontAwesome.ttf; path = "../node_modules/react-native-vector-icons/Fonts/FontAwesome.ttf"; sourceTree = "<group>"; };
		B8B89A1E3B904E91897F0D45 /* Octicons.ttf */ = {isa = PBXFileReference; explicitFileType = undefined; fileEncoding = 9; includeInIndex = 0; lastKnownFileType = unknown; name = Octicons.ttf; path = "../node_modules/react-native-vector-icons/Fonts/Octicons.ttf"; sourceTree = "<group>"; };
		C624C235FFAA4EDD9218BCE0 /* Feather.ttf */ = {isa = PBXFileReference; explicitFileType = undefined; fileEncoding = 9; includeInIndex = 0; lastKnownFileType = unknown; name = Feather.ttf; path = "../node_modules/react-native-vector-icons/Fonts/Feather.ttf"; sourceTree = "<group>"; };
		D526D84AE39146EFAF654328 /* Entypo.ttf */ = {isa = PBXFileReference; explicitFileType = undefined; fileEncoding = 9; includeInIndex = 0; lastKnownFileType = unknown; name = Entypo.ttf; path = "../node_modules/react-native-vector-icons/Fonts/Entypo.ttf"; sourceTree = "<group>"; };
/* End PBXFileReference section */

/* Begin PBXFrameworksBuildPhase section */
		92188669269F0D8D00FE3099 /* Frameworks */ = {
			isa = PBXFrameworksBuildPhase;
			buildActionMask = 2147483647;
			files = (
				A532E1FFEA16644DB0040FD7 /* libPods-wowsinfo.a in Frameworks */,
			);
			runOnlyForDeploymentPostprocessing = 0;
		};
		9275F4F826A04F2100D9EEB0 /* Frameworks */ = {
			isa = PBXFrameworksBuildPhase;
			buildActionMask = 2147483647;
			files = (
				83213183617FACCCAD3517C4 /* libPods-wowsinfo-wowsinfo-test.a in Frameworks */,
			);
			runOnlyForDeploymentPostprocessing = 0;
		};
/* End PBXFrameworksBuildPhase section */

/* Begin PBXGroup section */
		081A3D13AA87BC422CF41957 /* Frameworks */ = {
			isa = PBXGroup;
			children = (
				2F3158889382523185E226FA /* libPods-wowsinfo.a */,
				55E47153E58A65E510DBD1E8 /* libPods-wowsinfo-wowsinfo-test.a */,
			);
			name = Frameworks;
			sourceTree = "<group>";
		};
		63C6BA4A7A23401F8F3224E1 /* Resources */ = {
			isa = PBXGroup;
			children = (
				76F6839B4C8648E59FA33F78 /* AntDesign.ttf */,
				D526D84AE39146EFAF654328 /* Entypo.ttf */,
				90D6DBA12FB4478999C9D562 /* EvilIcons.ttf */,
				C624C235FFAA4EDD9218BCE0 /* Feather.ttf */,
				B491F3927E184B2B861C7542 /* FontAwesome.ttf */,
				83D1080ADB624C4391FC13EA /* FontAwesome5_Brands.ttf */,
				8F5D34B1DDA84B3B8E8A9AE9 /* FontAwesome5_Regular.ttf */,
				39808C70DBE34616A4B036E5 /* FontAwesome5_Solid.ttf */,
				422BAD302794453A882A9062 /* Fontisto.ttf */,
				37973A7519BF4E42B1BCA199 /* Foundation.ttf */,
				0A9CAA74BEF9493B94CFFDAC /* Ionicons.ttf */,
				40F68555D244437E91E11103 /* MaterialCommunityIcons.ttf */,
				344312BC4D654DB6B9A348D8 /* MaterialIcons.ttf */,
				B8B89A1E3B904E91897F0D45 /* Octicons.ttf */,
				2975B6234EB3443DAA428319 /* SimpleLineIcons.ttf */,
				51379677E01942D49A7D75E3 /* Zocial.ttf */,
			);
			name = Resources;
			sourceTree = "<group>";
		};
		92188663269F0D8D00FE3099 = {
			isa = PBXGroup;
			children = (
				9275F51126A04F4200D9EEB0 /* support */,
				9218866E269F0D8D00FE3099 /* wowsinfo */,
				9218866D269F0D8D00FE3099 /* Products */,
				BF12D85FE48871B926C1820B /* Pods */,
				081A3D13AA87BC422CF41957 /* Frameworks */,
				63C6BA4A7A23401F8F3224E1 /* Resources */,
			);
			sourceTree = "<group>";
		};
		9218866D269F0D8D00FE3099 /* Products */ = {
			isa = PBXGroup;
			children = (
				9218866C269F0D8D00FE3099 /* wowsinfo.app */,
				9275F4FB26A04F2100D9EEB0 /* wowsinfo-test.app */,
			);
			name = Products;
			sourceTree = "<group>";
		};
		9218866E269F0D8D00FE3099 /* wowsinfo */ = {
			isa = PBXGroup;
			children = (
				9275F51826A050E000D9EEB0 /* react-native */,
				9275F51C26A0583F00D9EEB0 /* foundation */,
				9218866F269F0D8D00FE3099 /* AppDelegate.swift */,
				92188673269F0D8D00FE3099 /* RootViewController.swift */,
				92188675269F0D8D00FE3099 /* Main.storyboard */,
				9218867A269F0D8F00FE3099 /* LaunchScreen.storyboard */,
			);
			path = wowsinfo;
			sourceTree = "<group>";
		};
		923855C926A058BF0074F220 /* extensions */ = {
			isa = PBXGroup;
			children = (
				923855CA26A058D30074F220 /* UIViewController+Extension.swift */,
			);
			path = extensions;
			sourceTree = "<group>";
		};
		9275F51126A04F4200D9EEB0 /* support */ = {
			isa = PBXGroup;
			children = (
				9218867D269F0D8F00FE3099 /* Info.plist */,
				924102E62712EF58000AFE2C /* InfoTest.plist */,
				92AE130D26A03D9C007F495C /* wowsinfo-Bridging-Header.h */,
				92188678269F0D8F00FE3099 /* Assets.xcassets */,
			);
			path = support;
			sourceTree = "<group>";
		};
		9275F51826A050E000D9EEB0 /* react-native */ = {
			isa = PBXGroup;
			children = (
				92FC495526A5938D007C4B61 /* quick-actions */,
				923855C626A0587B0074F220 /* ReactNativeManager.swift */,
				9288F7EC26A6F46500F87A68 /* ReactNativeManager.m */,
			);
			path = "react-native";
			sourceTree = "<group>";
		};
		9275F51C26A0583F00D9EEB0 /* foundation */ = {
			isa = PBXGroup;
			children = (
				923855C926A058BF0074F220 /* extensions */,
			);
			path = foundation;
			sourceTree = "<group>";
		};
		92FC495526A5938D007C4B61 /* quick-actions */ = {
			isa = PBXGroup;
			children = (
				92FC495626A593A7007C4B61 /* QuickActionManager.swift */,
				9288F7E926A6E99200F87A68 /* QuickActionManager.m */,
				9288F7E626A6E8E000F87A68 /* QuickActionEventEmitter.swift */,
				92FC495926A59888007C4B61 /* QuickActionEventEmitter.m */,
			);
			path = "quick-actions";
			sourceTree = "<group>";
		};
		BF12D85FE48871B926C1820B /* Pods */ = {
			isa = PBXGroup;
			children = (
				6862BFAEC5E4882B07158C5B /* Pods-wowsinfo.debug.xcconfig */,
				B40A305DAEC4658DEB1575DB /* Pods-wowsinfo.release.xcconfig */,
				1A4ADF3BFB95FCDD5D9CB289 /* Pods-wowsinfo-wowsinfo-test.debug.xcconfig */,
				32288B2A23568E021FF922E8 /* Pods-wowsinfo-wowsinfo-test.release.xcconfig */,
			);
			path = Pods;
			sourceTree = "<group>";
		};
/* End PBXGroup section */

/* Begin PBXNativeTarget section */
		9218866B269F0D8D00FE3099 /* wowsinfo */ = {
			isa = PBXNativeTarget;
			buildConfigurationList = 92188680269F0D8F00FE3099 /* Build configuration list for PBXNativeTarget "wowsinfo" */;
			buildPhases = (
				572954A7B86874177537C979 /* [CP] Check Pods Manifest.lock */,
				92188668269F0D8D00FE3099 /* Sources */,
				92188669269F0D8D00FE3099 /* Frameworks */,
				9218866A269F0D8D00FE3099 /* Resources */,
				AA22EDAB6A66A457B1F6D90F /* [CP] Embed Pods Frameworks */,
				5D2DB44D7DD9FB01E7766221 /* [CP] Copy Pods Resources */,
			);
			buildRules = (
			);
			dependencies = (
			);
			name = wowsinfo;
			productName = wowsinfo;
			productReference = 9218866C269F0D8D00FE3099 /* wowsinfo.app */;
			productType = "com.apple.product-type.application";
		};
		9275F4FA26A04F2100D9EEB0 /* wowsinfo-test */ = {
			isa = PBXNativeTarget;
			buildConfigurationList = 9275F50E26A04F2500D9EEB0 /* Build configuration list for PBXNativeTarget "wowsinfo-test" */;
			buildPhases = (
				C57ADE278FE58AAE325AE0A7 /* [CP] Check Pods Manifest.lock */,
				9275F4F726A04F2100D9EEB0 /* Sources */,
				9275F4F826A04F2100D9EEB0 /* Frameworks */,
				9275F4F926A04F2100D9EEB0 /* Resources */,
				1B24F8F9ED9DB89701A423C5 /* [CP] Embed Pods Frameworks */,
				40E036BD46F9A89B20F0A352 /* [CP] Copy Pods Resources */,
			);
			buildRules = (
			);
			dependencies = (
			);
			name = "wowsinfo-test";
			productName = "wowsinfo-test";
			productReference = 9275F4FB26A04F2100D9EEB0 /* wowsinfo-test.app */;
			productType = "com.apple.product-type.application";
		};
/* End PBXNativeTarget section */

/* Begin PBXProject section */
		92188664269F0D8D00FE3099 /* Project object */ = {
			isa = PBXProject;
			attributes = {
				LastSwiftUpdateCheck = 1250;
				LastUpgradeCheck = 1320;
				TargetAttributes = {
					9218866B269F0D8D00FE3099 = {
						CreatedOnToolsVersion = 12.5.1;
						LastSwiftMigration = 1250;
					};
					9275F4FA26A04F2100D9EEB0 = {
						CreatedOnToolsVersion = 12.5.1;
						LastSwiftMigration = 1250;
					};
				};
			};
			buildConfigurationList = 92188667269F0D8D00FE3099 /* Build configuration list for PBXProject "wowsinfo" */;
			compatibilityVersion = "Xcode 9.3";
			developmentRegion = en;
			hasScannedForEncodings = 0;
			knownRegions = (
				en,
				Base,
			);
			mainGroup = 92188663269F0D8D00FE3099;
			productRefGroup = 9218866D269F0D8D00FE3099 /* Products */;
			projectDirPath = "";
			projectRoot = "";
			targets = (
				9218866B269F0D8D00FE3099 /* wowsinfo */,
				9275F4FA26A04F2100D9EEB0 /* wowsinfo-test */,
			);
		};
/* End PBXProject section */

/* Begin PBXResourcesBuildPhase section */
		9218866A269F0D8D00FE3099 /* Resources */ = {
			isa = PBXResourcesBuildPhase;
			buildActionMask = 2147483647;
			files = (
				9218867C269F0D8F00FE3099 /* LaunchScreen.storyboard in Resources */,
				92188679269F0D8F00FE3099 /* Assets.xcassets in Resources */,
				92188677269F0D8D00FE3099 /* Main.storyboard in Resources */,
				26715BF8AC8241E8A06ABA41 /* AntDesign.ttf in Resources */,
				4750232D74D94E06A319FA5D /* Entypo.ttf in Resources */,
				86827589BEE34B899382FBE3 /* EvilIcons.ttf in Resources */,
				6C5BB0CBCC044EDDA9C88E4B /* Feather.ttf in Resources */,
				50A3AF4890764BDBBEB978FC /* FontAwesome.ttf in Resources */,
				655C2320142B4C81B1F7A6E2 /* FontAwesome5_Brands.ttf in Resources */,
				0A80912F51754955BB2DCE50 /* FontAwesome5_Regular.ttf in Resources */,
				E6A495B4BD064CF1806B12D0 /* FontAwesome5_Solid.ttf in Resources */,
				DF47F6B1E03D478A86E9179F /* Fontisto.ttf in Resources */,
				3835DB5CCA7B459A80F6E2D2 /* Foundation.ttf in Resources */,
				01EC3FC690E24B128ADBC2EF /* Ionicons.ttf in Resources */,
				EA2DA2F4551B4305B0A66D66 /* MaterialCommunityIcons.ttf in Resources */,
				098330B0F8A94F88A84BD3AB /* MaterialIcons.ttf in Resources */,
				5111F667DCEE4ACA9ACC38F0 /* Octicons.ttf in Resources */,
				58779C76BEB04A79A464CFB7 /* SimpleLineIcons.ttf in Resources */,
				86A54E23EEF44D5F834A15AB /* Zocial.ttf in Resources */,
			);
			runOnlyForDeploymentPostprocessing = 0;
		};
		9275F4F926A04F2100D9EEB0 /* Resources */ = {
			isa = PBXResourcesBuildPhase;
			buildActionMask = 2147483647;
			files = (
				9275F51626A04F7000D9EEB0 /* LaunchScreen.storyboard in Resources */,
				9275F51726A04F7800D9EEB0 /* Assets.xcassets in Resources */,
				9275F51526A04F6D00D9EEB0 /* Main.storyboard in Resources */,
			);
			runOnlyForDeploymentPostprocessing = 0;
		};
/* End PBXResourcesBuildPhase section */

/* Begin PBXShellScriptBuildPhase section */
		1B24F8F9ED9DB89701A423C5 /* [CP] Embed Pods Frameworks */ = {
			isa = PBXShellScriptBuildPhase;
			buildActionMask = 2147483647;
			files = (
			);
			inputFileListPaths = (
				"${PODS_ROOT}/Target Support Files/Pods-wowsinfo-wowsinfo-test/Pods-wowsinfo-wowsinfo-test-frameworks-${CONFIGURATION}-input-files.xcfilelist",
			);
			name = "[CP] Embed Pods Frameworks";
			outputFileListPaths = (
				"${PODS_ROOT}/Target Support Files/Pods-wowsinfo-wowsinfo-test/Pods-wowsinfo-wowsinfo-test-frameworks-${CONFIGURATION}-output-files.xcfilelist",
			);
			runOnlyForDeploymentPostprocessing = 0;
			shellPath = /bin/sh;
			shellScript = "\"${PODS_ROOT}/Target Support Files/Pods-wowsinfo-wowsinfo-test/Pods-wowsinfo-wowsinfo-test-frameworks.sh\"\n";
			showEnvVarsInLog = 0;
		};
		40E036BD46F9A89B20F0A352 /* [CP] Copy Pods Resources */ = {
			isa = PBXShellScriptBuildPhase;
			buildActionMask = 2147483647;
			files = (
			);
			inputFileListPaths = (
				"${PODS_ROOT}/Target Support Files/Pods-wowsinfo-wowsinfo-test/Pods-wowsinfo-wowsinfo-test-resources-${CONFIGURATION}-input-files.xcfilelist",
			);
			name = "[CP] Copy Pods Resources";
			outputFileListPaths = (
				"${PODS_ROOT}/Target Support Files/Pods-wowsinfo-wowsinfo-test/Pods-wowsinfo-wowsinfo-test-resources-${CONFIGURATION}-output-files.xcfilelist",
			);
			runOnlyForDeploymentPostprocessing = 0;
			shellPath = /bin/sh;
			shellScript = "\"${PODS_ROOT}/Target Support Files/Pods-wowsinfo-wowsinfo-test/Pods-wowsinfo-wowsinfo-test-resources.sh\"\n";
			showEnvVarsInLog = 0;
		};
		572954A7B86874177537C979 /* [CP] Check Pods Manifest.lock */ = {
			isa = PBXShellScriptBuildPhase;
			buildActionMask = 2147483647;
			files = (
			);
			inputFileListPaths = (
			);
			inputPaths = (
				"${PODS_PODFILE_DIR_PATH}/Podfile.lock",
				"${PODS_ROOT}/Manifest.lock",
			);
			name = "[CP] Check Pods Manifest.lock";
			outputFileListPaths = (
			);
			outputPaths = (
				"$(DERIVED_FILE_DIR)/Pods-wowsinfo-checkManifestLockResult.txt",
			);
			runOnlyForDeploymentPostprocessing = 0;
			shellPath = /bin/sh;
			shellScript = "diff \"${PODS_PODFILE_DIR_PATH}/Podfile.lock\" \"${PODS_ROOT}/Manifest.lock\" > /dev/null\nif [ $? != 0 ] ; then\n    # print error to STDERR\n    echo \"error: The sandbox is not in sync with the Podfile.lock. Run 'pod install' or update your CocoaPods installation.\" >&2\n    exit 1\nfi\n# This output is used by Xcode 'outputs' to avoid re-running this script phase.\necho \"SUCCESS\" > \"${SCRIPT_OUTPUT_FILE_0}\"\n";
			showEnvVarsInLog = 0;
		};
		5D2DB44D7DD9FB01E7766221 /* [CP] Copy Pods Resources */ = {
			isa = PBXShellScriptBuildPhase;
			buildActionMask = 2147483647;
			files = (
			);
			inputFileListPaths = (
				"${PODS_ROOT}/Target Support Files/Pods-wowsinfo/Pods-wowsinfo-resources-${CONFIGURATION}-input-files.xcfilelist",
			);
			name = "[CP] Copy Pods Resources";
			outputFileListPaths = (
				"${PODS_ROOT}/Target Support Files/Pods-wowsinfo/Pods-wowsinfo-resources-${CONFIGURATION}-output-files.xcfilelist",
			);
			runOnlyForDeploymentPostprocessing = 0;
			shellPath = /bin/sh;
			shellScript = "\"${PODS_ROOT}/Target Support Files/Pods-wowsinfo/Pods-wowsinfo-resources.sh\"\n";
			showEnvVarsInLog = 0;
		};
		AA22EDAB6A66A457B1F6D90F /* [CP] Embed Pods Frameworks */ = {
			isa = PBXShellScriptBuildPhase;
			buildActionMask = 2147483647;
			files = (
			);
			inputFileListPaths = (
				"${PODS_ROOT}/Target Support Files/Pods-wowsinfo/Pods-wowsinfo-frameworks-${CONFIGURATION}-input-files.xcfilelist",
			);
			name = "[CP] Embed Pods Frameworks";
			outputFileListPaths = (
				"${PODS_ROOT}/Target Support Files/Pods-wowsinfo/Pods-wowsinfo-frameworks-${CONFIGURATION}-output-files.xcfilelist",
			);
			runOnlyForDeploymentPostprocessing = 0;
			shellPath = /bin/sh;
			shellScript = "\"${PODS_ROOT}/Target Support Files/Pods-wowsinfo/Pods-wowsinfo-frameworks.sh\"\n";
			showEnvVarsInLog = 0;
		};
		C57ADE278FE58AAE325AE0A7 /* [CP] Check Pods Manifest.lock */ = {
			isa = PBXShellScriptBuildPhase;
			buildActionMask = 2147483647;
			files = (
			);
			inputFileListPaths = (
			);
			inputPaths = (
				"${PODS_PODFILE_DIR_PATH}/Podfile.lock",
				"${PODS_ROOT}/Manifest.lock",
			);
			name = "[CP] Check Pods Manifest.lock";
			outputFileListPaths = (
			);
			outputPaths = (
				"$(DERIVED_FILE_DIR)/Pods-wowsinfo-wowsinfo-test-checkManifestLockResult.txt",
			);
			runOnlyForDeploymentPostprocessing = 0;
			shellPath = /bin/sh;
			shellScript = "diff \"${PODS_PODFILE_DIR_PATH}/Podfile.lock\" \"${PODS_ROOT}/Manifest.lock\" > /dev/null\nif [ $? != 0 ] ; then\n    # print error to STDERR\n    echo \"error: The sandbox is not in sync with the Podfile.lock. Run 'pod install' or update your CocoaPods installation.\" >&2\n    exit 1\nfi\n# This output is used by Xcode 'outputs' to avoid re-running this script phase.\necho \"SUCCESS\" > \"${SCRIPT_OUTPUT_FILE_0}\"\n";
			showEnvVarsInLog = 0;
		};
/* End PBXShellScriptBuildPhase section */

/* Begin PBXSourcesBuildPhase section */
		92188668269F0D8D00FE3099 /* Sources */ = {
			isa = PBXSourcesBuildPhase;
			buildActionMask = 2147483647;
			files = (
				9288F7E726A6E8E000F87A68 /* QuickActionEventEmitter.swift in Sources */,
				92188674269F0D8D00FE3099 /* RootViewController.swift in Sources */,
				9288F7ED26A6F46500F87A68 /* ReactNativeManager.m in Sources */,
				92FC495726A593A7007C4B61 /* QuickActionManager.swift in Sources */,
				92188670269F0D8D00FE3099 /* AppDelegate.swift in Sources */,
				923855CB26A058D30074F220 /* UIViewController+Extension.swift in Sources */,
				9288F7EA26A6E99200F87A68 /* QuickActionManager.m in Sources */,
				92FC495A26A59888007C4B61 /* QuickActionEventEmitter.m in Sources */,
				923855C726A0587B0074F220 /* ReactNativeManager.swift in Sources */,
			);
			runOnlyForDeploymentPostprocessing = 0;
		};
		9275F4F726A04F2100D9EEB0 /* Sources */ = {
			isa = PBXSourcesBuildPhase;
			buildActionMask = 2147483647;
			files = (
				9288F7E826A6E8E000F87A68 /* QuickActionEventEmitter.swift in Sources */,
				9275F51426A04F6400D9EEB0 /* RootViewController.swift in Sources */,
				9288F7EE26A6F46500F87A68 /* ReactNativeManager.m in Sources */,
				92FC495826A593A7007C4B61 /* QuickActionManager.swift in Sources */,
				9275F51226A04F5F00D9EEB0 /* AppDelegate.swift in Sources */,
				923855CC26A058D30074F220 /* UIViewController+Extension.swift in Sources */,
				9288F7EB26A6E99200F87A68 /* QuickActionManager.m in Sources */,
				92FC495B26A59888007C4B61 /* QuickActionEventEmitter.m in Sources */,
				923855C826A0587B0074F220 /* ReactNativeManager.swift in Sources */,
			);
			runOnlyForDeploymentPostprocessing = 0;
		};
/* End PBXSourcesBuildPhase section */

/* Begin PBXVariantGroup section */
		92188675269F0D8D00FE3099 /* Main.storyboard */ = {
			isa = PBXVariantGroup;
			children = (
				92188676269F0D8D00FE3099 /* Base */,
			);
			name = Main.storyboard;
			sourceTree = "<group>";
		};
		9218867A269F0D8F00FE3099 /* LaunchScreen.storyboard */ = {
			isa = PBXVariantGroup;
			children = (
				9218867B269F0D8F00FE3099 /* Base */,
			);
			name = LaunchScreen.storyboard;
			sourceTree = "<group>";
		};
/* End PBXVariantGroup section */

/* Begin XCBuildConfiguration section */
		9218867E269F0D8F00FE3099 /* Debug */ = {
			isa = XCBuildConfiguration;
			buildSettings = {
				ALWAYS_SEARCH_USER_PATHS = NO;
				CLANG_ANALYZER_NONNULL = YES;
				CLANG_ANALYZER_NUMBER_OBJECT_CONVERSION = YES_AGGRESSIVE;
				CLANG_CXX_LANGUAGE_STANDARD = "gnu++14";
				CLANG_CXX_LIBRARY = "libc++";
				CLANG_ENABLE_MODULES = YES;
				CLANG_ENABLE_OBJC_ARC = YES;
				CLANG_ENABLE_OBJC_WEAK = YES;
				CLANG_WARN_BLOCK_CAPTURE_AUTORELEASING = YES;
				CLANG_WARN_BOOL_CONVERSION = YES;
				CLANG_WARN_COMMA = YES;
				CLANG_WARN_CONSTANT_CONVERSION = YES;
				CLANG_WARN_DEPRECATED_OBJC_IMPLEMENTATIONS = YES;
				CLANG_WARN_DIRECT_OBJC_ISA_USAGE = YES_ERROR;
				CLANG_WARN_DOCUMENTATION_COMMENTS = YES;
				CLANG_WARN_EMPTY_BODY = YES;
				CLANG_WARN_ENUM_CONVERSION = YES;
				CLANG_WARN_INFINITE_RECURSION = YES;
				CLANG_WARN_INT_CONVERSION = YES;
				CLANG_WARN_NON_LITERAL_NULL_CONVERSION = YES;
				CLANG_WARN_OBJC_IMPLICIT_RETAIN_SELF = YES;
				CLANG_WARN_OBJC_LITERAL_CONVERSION = YES;
				CLANG_WARN_OBJC_ROOT_CLASS = YES_ERROR;
				CLANG_WARN_QUOTED_INCLUDE_IN_FRAMEWORK_HEADER = YES;
				CLANG_WARN_RANGE_LOOP_ANALYSIS = YES;
				CLANG_WARN_STRICT_PROTOTYPES = YES;
				CLANG_WARN_SUSPICIOUS_MOVE = YES;
				CLANG_WARN_UNGUARDED_AVAILABILITY = YES_AGGRESSIVE;
				CLANG_WARN_UNREACHABLE_CODE = YES;
				CLANG_WARN__DUPLICATE_METHOD_MATCH = YES;
				COPY_PHASE_STRIP = NO;
				CURRENT_PROJECT_VERSION = 100;
				DEBUG_INFORMATION_FORMAT = dwarf;
				ENABLE_STRICT_OBJC_MSGSEND = YES;
				ENABLE_TESTABILITY = YES;
				"EXCLUDED_ARCHS[sdk=iphonesimulator*]" = "arm64 ";
				GCC_C_LANGUAGE_STANDARD = gnu11;
				GCC_DYNAMIC_NO_PIC = NO;
				GCC_NO_COMMON_BLOCKS = YES;
				GCC_OPTIMIZATION_LEVEL = 0;
				GCC_PREPROCESSOR_DEFINITIONS = (
					"DEBUG=1",
					"$(inherited)",
				);
				GCC_WARN_64_TO_32_BIT_CONVERSION = YES;
				GCC_WARN_ABOUT_RETURN_TYPE = YES_ERROR;
				GCC_WARN_UNDECLARED_SELECTOR = YES;
				GCC_WARN_UNINITIALIZED_AUTOS = YES_AGGRESSIVE;
				GCC_WARN_UNUSED_FUNCTION = YES;
				GCC_WARN_UNUSED_VARIABLE = YES;
				IPHONEOS_DEPLOYMENT_TARGET = 15.0;
				MARKETING_VERSION = 1.7.0;
				MTL_ENABLE_DEBUG_INFO = INCLUDE_SOURCE;
				MTL_FAST_MATH = YES;
				ONLY_ACTIVE_ARCH = YES;
				SDKROOT = iphoneos;
				SWIFT_ACTIVE_COMPILATION_CONDITIONS = DEBUG;
				SWIFT_OPTIMIZATION_LEVEL = "-Onone";
				SWIFT_VERSION = 5.0;
			};
			name = Debug;
		};
		9218867F269F0D8F00FE3099 /* Release */ = {
			isa = XCBuildConfiguration;
			buildSettings = {
				ALWAYS_SEARCH_USER_PATHS = NO;
				CLANG_ANALYZER_NONNULL = YES;
				CLANG_ANALYZER_NUMBER_OBJECT_CONVERSION = YES_AGGRESSIVE;
				CLANG_CXX_LANGUAGE_STANDARD = "gnu++14";
				CLANG_CXX_LIBRARY = "libc++";
				CLANG_ENABLE_MODULES = YES;
				CLANG_ENABLE_OBJC_ARC = YES;
				CLANG_ENABLE_OBJC_WEAK = YES;
				CLANG_WARN_BLOCK_CAPTURE_AUTORELEASING = YES;
				CLANG_WARN_BOOL_CONVERSION = YES;
				CLANG_WARN_COMMA = YES;
				CLANG_WARN_CONSTANT_CONVERSION = YES;
				CLANG_WARN_DEPRECATED_OBJC_IMPLEMENTATIONS = YES;
				CLANG_WARN_DIRECT_OBJC_ISA_USAGE = YES_ERROR;
				CLANG_WARN_DOCUMENTATION_COMMENTS = YES;
				CLANG_WARN_EMPTY_BODY = YES;
				CLANG_WARN_ENUM_CONVERSION = YES;
				CLANG_WARN_INFINITE_RECURSION = YES;
				CLANG_WARN_INT_CONVERSION = YES;
				CLANG_WARN_NON_LITERAL_NULL_CONVERSION = YES;
				CLANG_WARN_OBJC_IMPLICIT_RETAIN_SELF = YES;
				CLANG_WARN_OBJC_LITERAL_CONVERSION = YES;
				CLANG_WARN_OBJC_ROOT_CLASS = YES_ERROR;
				CLANG_WARN_QUOTED_INCLUDE_IN_FRAMEWORK_HEADER = YES;
				CLANG_WARN_RANGE_LOOP_ANALYSIS = YES;
				CLANG_WARN_STRICT_PROTOTYPES = YES;
				CLANG_WARN_SUSPICIOUS_MOVE = YES;
				CLANG_WARN_UNGUARDED_AVAILABILITY = YES_AGGRESSIVE;
				CLANG_WARN_UNREACHABLE_CODE = YES;
				CLANG_WARN__DUPLICATE_METHOD_MATCH = YES;
				COPY_PHASE_STRIP = NO;
				CURRENT_PROJECT_VERSION = 100;
				DEBUG_INFORMATION_FORMAT = "dwarf-with-dsym";
				ENABLE_NS_ASSERTIONS = NO;
				ENABLE_STRICT_OBJC_MSGSEND = YES;
				"EXCLUDED_ARCHS[sdk=iphonesimulator*]" = "arm64 ";
				GCC_C_LANGUAGE_STANDARD = gnu11;
				GCC_NO_COMMON_BLOCKS = YES;
				GCC_WARN_64_TO_32_BIT_CONVERSION = YES;
				GCC_WARN_ABOUT_RETURN_TYPE = YES_ERROR;
				GCC_WARN_UNDECLARED_SELECTOR = YES;
				GCC_WARN_UNINITIALIZED_AUTOS = YES_AGGRESSIVE;
				GCC_WARN_UNUSED_FUNCTION = YES;
				GCC_WARN_UNUSED_VARIABLE = YES;
				IPHONEOS_DEPLOYMENT_TARGET = 15.0;
				MARKETING_VERSION = 1.7.0;
				MTL_ENABLE_DEBUG_INFO = NO;
				MTL_FAST_MATH = YES;
				SDKROOT = iphoneos;
				SWIFT_COMPILATION_MODE = wholemodule;
				SWIFT_OPTIMIZATION_LEVEL = "-O";
				SWIFT_VERSION = 5.0;
				VALIDATE_PRODUCT = YES;
			};
			name = Release;
		};
		92188681269F0D8F00FE3099 /* Debug */ = {
			isa = XCBuildConfiguration;
			baseConfigurationReference = 6862BFAEC5E4882B07158C5B /* Pods-wowsinfo.debug.xcconfig */;
			buildSettings = {
				ASSETCATALOG_COMPILER_APPICON_NAME = AppIcon;
				ASSETCATALOG_COMPILER_GLOBAL_ACCENT_COLOR_NAME = AccentColor;
				CLANG_ALLOW_NON_MODULAR_INCLUDES_IN_FRAMEWORK_MODULES = NO;
				CLANG_ENABLE_MODULES = YES;
				CODE_SIGN_STYLE = Automatic;
				DEVELOPMENT_TEAM = 4YSG3SYMLE;
				INFOPLIST_FILE = "$(SRCROOT)/support/Info.plist";
				IPHONEOS_DEPLOYMENT_TARGET = 12.0;
				LD_RUNPATH_SEARCH_PATHS = (
					"$(inherited)",
					"@executable_path/Frameworks",
				);
				PRODUCT_BUNDLE_IDENTIFIER = com.yihengquan.wowsinfo;
				PRODUCT_NAME = "$(TARGET_NAME)";
				SWIFT_OBJC_BRIDGING_HEADER = "support/wowsinfo-Bridging-Header.h";
				SWIFT_OPTIMIZATION_LEVEL = "-Onone";
				SWIFT_VERSION = 5.0;
				TARGETED_DEVICE_FAMILY = "1,2";
			};
			name = Debug;
		};
		92188682269F0D8F00FE3099 /* Release */ = {
			isa = XCBuildConfiguration;
			baseConfigurationReference = B40A305DAEC4658DEB1575DB /* Pods-wowsinfo.release.xcconfig */;
			buildSettings = {
				ASSETCATALOG_COMPILER_APPICON_NAME = AppIcon;
				ASSETCATALOG_COMPILER_GLOBAL_ACCENT_COLOR_NAME = AccentColor;
				CLANG_ALLOW_NON_MODULAR_INCLUDES_IN_FRAMEWORK_MODULES = NO;
				CLANG_ENABLE_MODULES = YES;
				CODE_SIGN_STYLE = Automatic;
				DEVELOPMENT_TEAM = 4YSG3SYMLE;
				INFOPLIST_FILE = "$(SRCROOT)/support/Info.plist";
				IPHONEOS_DEPLOYMENT_TARGET = 12.0;
				LD_RUNPATH_SEARCH_PATHS = (
					"$(inherited)",
					"@executable_path/Frameworks",
				);
				PRODUCT_BUNDLE_IDENTIFIER = com.yihengquan.wowsinfo;
				PRODUCT_NAME = "$(TARGET_NAME)";
				SWIFT_OBJC_BRIDGING_HEADER = "support/wowsinfo-Bridging-Header.h";
				SWIFT_VERSION = 5.0;
				TARGETED_DEVICE_FAMILY = "1,2";
			};
			name = Release;
		};
		9275F50C26A04F2500D9EEB0 /* Debug */ = {
			isa = XCBuildConfiguration;
			baseConfigurationReference = 1A4ADF3BFB95FCDD5D9CB289 /* Pods-wowsinfo-wowsinfo-test.debug.xcconfig */;
			buildSettings = {
				ASSETCATALOG_COMPILER_APPICON_NAME = AppIcon;
				ASSETCATALOG_COMPILER_GLOBAL_ACCENT_COLOR_NAME = AccentColor;
				CLANG_ENABLE_MODULES = YES;
				CODE_SIGN_STYLE = Automatic;
				DEVELOPMENT_TEAM = 4YSG3SYMLE;
				INFOPLIST_FILE = "$(SRCROOT)/support/InfoTest.plist";
				IPHONEOS_DEPLOYMENT_TARGET = 12.0;
				LD_RUNPATH_SEARCH_PATHS = (
					"$(inherited)",
					"@executable_path/Frameworks",
				);
				PRODUCT_BUNDLE_IDENTIFIER = "com.yihengquan.wowsinfo-test";
				PRODUCT_NAME = "$(TARGET_NAME)";
				SWIFT_OBJC_BRIDGING_HEADER = "support/wowsinfo-Bridging-Header.h";
				SWIFT_OPTIMIZATION_LEVEL = "-Onone";
				SWIFT_VERSION = 5.0;
				TARGETED_DEVICE_FAMILY = "1,2";
			};
			name = Debug;
		};
		9275F50D26A04F2500D9EEB0 /* Release */ = {
			isa = XCBuildConfiguration;
			baseConfigurationReference = 32288B2A23568E021FF922E8 /* Pods-wowsinfo-wowsinfo-test.release.xcconfig */;
			buildSettings = {
				ASSETCATALOG_COMPILER_APPICON_NAME = AppIcon;
				ASSETCATALOG_COMPILER_GLOBAL_ACCENT_COLOR_NAME = AccentColor;
				CLANG_ENABLE_MODULES = YES;
				CODE_SIGN_STYLE = Automatic;
				DEVELOPMENT_TEAM = 4YSG3SYMLE;
				INFOPLIST_FILE = "$(SRCROOT)/support/InfoTest.plist";
				IPHONEOS_DEPLOYMENT_TARGET = 12.0;
				LD_RUNPATH_SEARCH_PATHS = (
					"$(inherited)",
					"@executable_path/Frameworks",
				);
				PRODUCT_BUNDLE_IDENTIFIER = "com.yihengquan.wowsinfo-test";
				PRODUCT_NAME = "$(TARGET_NAME)";
				SWIFT_OBJC_BRIDGING_HEADER = "support/wowsinfo-Bridging-Header.h";
				SWIFT_VERSION = 5.0;
				TARGETED_DEVICE_FAMILY = "1,2";
			};
			name = Release;
		};
/* End XCBuildConfiguration section */

/* Begin XCConfigurationList section */
		92188667269F0D8D00FE3099 /* Build configuration list for PBXProject "wowsinfo" */ = {
			isa = XCConfigurationList;
			buildConfigurations = (
				9218867E269F0D8F00FE3099 /* Debug */,
				9218867F269F0D8F00FE3099 /* Release */,
			);
			defaultConfigurationIsVisible = 0;
			defaultConfigurationName = Release;
		};
		92188680269F0D8F00FE3099 /* Build configuration list for PBXNativeTarget "wowsinfo" */ = {
			isa = XCConfigurationList;
			buildConfigurations = (
				92188681269F0D8F00FE3099 /* Debug */,
				92188682269F0D8F00FE3099 /* Release */,
			);
			defaultConfigurationIsVisible = 0;
			defaultConfigurationName = Release;
		};
		9275F50E26A04F2500D9EEB0 /* Build configuration list for PBXNativeTarget "wowsinfo-test" */ = {
			isa = XCConfigurationList;
			buildConfigurations = (
				9275F50C26A04F2500D9EEB0 /* Debug */,
				9275F50D26A04F2500D9EEB0 /* Release */,
			);
			defaultConfigurationIsVisible = 0;
			defaultConfigurationName = Release;
		};
/* End XCConfigurationList section */
	};
	rootObject = 92188664269F0D8D00FE3099 /* Project object */;
}
